
Microsoft Visual Studio Solution File, Format Version 12.00
# Visual Studio Version 17
Project("{8BC9CEB8-8B4A-11D0-8D11-00A0C91BC942}") = "ALL_BUILD", "ALL_BUILD.vcxproj", "{F39CA83C-314E-3B62-9033-7DFDB8C1919E}"
	ProjectSection(ProjectDependencies) = postProject
		{116C8D3F-3278-31DC-85F9-94B2859961A9} = {116C8D3F-3278-31DC-85F9-94B2859961A9}
		{DAB46D87-68BC-3FE0-BE8C-5AA3F2FCF435} = {DAB46D87-68BC-3FE0-BE8C-5AA3F2FCF435}
	EndProjectSection
EndProject
Project("{8BC9CEB8-8B4A-11D0-8D11-00A0C91BC942}") = "INSTALL", "INSTALL.vcxproj", "{040D5E1F-67B8-3C62-AF38-B7F29E3DE347}"
	ProjectSection(ProjectDependencies) = postProject
		{F39CA83C-314E-3B62-9033-7DFDB8C1919E} = {F39CA83C-314E-3B62-9033-7DFDB8C1919E}
		{116C8D3F-3278-31DC-85F9-94B2859961A9} = {116C8D3F-3278-31DC-85F9-94B2859961A9}
	EndProjectSection
EndProject
Project("{8BC9CEB8-8B4A-11D0-8D11-00A0C91BC942}") = "ZERO_CHECK", "..\..\\ZERO_CHECK.vcxproj", "{116C8D3F-3278-31DC-85F9-94B2859961A9}"
	ProjectSection(ProjectDependencies) = postProject
	EndProjectSection
EndProject
Project("{8BC9CEB8-8B4A-11D0-8D11-00A0C91BC942}") = "flutter_assemble", "..\..\flutter\flutter_assemble.vcxproj", "{12A3321A-FE74-3CFE-8DA0-34A8DBF0F5FC}"
	ProjectSection(ProjectDependencies) = postProject
		{116C8D3F-3278-31DC-85F9-94B2859961A9} = {116C8D3F-3278-31DC-85F9-94B2859961A9}
	EndProjectSection
EndProject
Project("{8BC9CEB8-8B4A-11D0-8D11-00A0C91BC942}") = "flutter_wrapper_plugin", "..\..\flutter\flutter_wrapper_plugin.vcxproj", "{8E6518BA-2A78-38E5-BCCF-FE5A13A0D7F6}"
	ProjectSection(ProjectDependencies) = postProject
		{116C8D3F-3278-31DC-85F9-94B2859961A9} = {116C8D3F-3278-31DC-85F9-94B2859961A9}
		{12A3321A-FE74-3CFE-8DA0-34A8DBF0F5FC} = {12A3321A-FE74-3CFE-8DA0-34A8DBF0F5FC}
	EndProjectSection
EndProject
Project("{8BC9CEB8-8B4A-11D0-8D11-00A0C91BC942}") = "screen_retriever_plugin", "screen_retriever_plugin.vcxproj", "{DAB46D87-68BC-3FE0-BE8C-5AA3F2FCF435}"
	ProjectSection(ProjectDependencies) = postProject
		{116C8D3F-3278-31DC-85F9-94B2859961A9} = {116C8D3F-3278-31DC-85F9-94B2859961A9}
		{12A3321A-FE74-3CFE-8DA0-34A8DBF0F5FC} = {12A3321A-FE74-3CFE-8DA0-34A8DBF0F5FC}
		{8E6518BA-2A78-38E5-BCCF-FE5A13A0D7F6} = {8E6518BA-2A78-38E5-BCCF-FE5A13A0D7F6}
	EndProjectSection
EndProject
Global
	GlobalSection(SolutionConfigurationPlatforms) = preSolution
		Debug|x64 = Debug|x64
		Profile|x64 = Profile|x64
		Release|x64 = Release|x64
	EndGlobalSection
	GlobalSection(ProjectConfigurationPlatforms) = postSolution
		{F39CA83C-314E-3B62-9033-7DFDB8C1919E}.Debug|x64.ActiveCfg = Debug|x64
		{F39CA83C-314E-3B62-9033-7DFDB8C1919E}.Debug|x64.Build.0 = Debug|x64
		{F39CA83C-314E-3B62-9033-7DFDB8C1919E}.Profile|x64.ActiveCfg = Profile|x64
		{F39CA83C-314E-3B62-9033-7DFDB8C1919E}.Profile|x64.Build.0 = Profile|x64
		{F39CA83C-314E-3B62-9033-7DFDB8C1919E}.Release|x64.ActiveCfg = Release|x64
		{F39CA83C-314E-3B62-9033-7DFDB8C1919E}.Release|x64.Build.0 = Release|x64
		{040D5E1F-67B8-3C62-AF38-B7F29E3DE347}.Debug|x64.ActiveCfg = Debug|x64
		{040D5E1F-67B8-3C62-AF38-B7F29E3DE347}.Profile|x64.ActiveCfg = Profile|x64
		{040D5E1F-67B8-3C62-AF38-B7F29E3DE347}.Release|x64.ActiveCfg = Release|x64
		{116C8D3F-3278-31DC-85F9-94B2859961A9}.Debug|x64.ActiveCfg = Debug|x64
		{116C8D3F-3278-31DC-85F9-94B2859961A9}.Debug|x64.Build.0 = Debug|x64
		{116C8D3F-3278-31DC-85F9-94B2859961A9}.Profile|x64.ActiveCfg = Profile|x64
		{116C8D3F-3278-31DC-85F9-94B2859961A9}.Profile|x64.Build.0 = Profile|x64
		{116C8D3F-3278-31DC-85F9-94B2859961A9}.Release|x64.ActiveCfg = Release|x64
		{116C8D3F-3278-31DC-85F9-94B2859961A9}.Release|x64.Build.0 = Release|x64
		{12A3321A-FE74-3CFE-8DA0-34A8DBF0F5FC}.Debug|x64.ActiveCfg = Debug|x64
		{12A3321A-FE74-3CFE-8DA0-34A8DBF0F5FC}.Debug|x64.Build.0 = Debug|x64
		{12A3321A-FE74-3CFE-8DA0-34A8DBF0F5FC}.Profile|x64.ActiveCfg = Profile|x64
		{12A3321A-FE74-3CFE-8DA0-34A8DBF0F5FC}.Profile|x64.Build.0 = Profile|x64
		{12A3321A-FE74-3CFE-8DA0-34A8DBF0F5FC}.Release|x64.ActiveCfg = Release|x64
		{12A3321A-FE74-3CFE-8DA0-34A8DBF0F5FC}.Release|x64.Build.0 = Release|x64
		{8E6518BA-2A78-38E5-BCCF-FE5A13A0D7F6}.Debug|x64.ActiveCfg = Debug|x64
		{8E6518BA-2A78-38E5-BCCF-FE5A13A0D7F6}.Debug|x64.Build.0 = Debug|x64
		{8E6518BA-2A78-38E5-BCCF-FE5A13A0D7F6}.Profile|x64.ActiveCfg = Profile|x64
		{8E6518BA-2A78-38E5-BCCF-FE5A13A0D7F6}.Profile|x64.Build.0 = Profile|x64
		{8E6518BA-2A78-38E5-BCCF-FE5A13A0D7F6}.Release|x64.ActiveCfg = Release|x64
		{8E6518BA-2A78-38E5-BCCF-FE5A13A0D7F6}.Release|x64.Build.0 = Release|x64
		{DAB46D87-68BC-3FE0-BE8C-5AA3F2FCF435}.Debug|x64.ActiveCfg = Debug|x64
		{DAB46D87-68BC-3FE0-BE8C-5AA3F2FCF435}.Debug|x64.Build.0 = Debug|x64
		{DAB46D87-68BC-3FE0-BE8C-5AA3F2FCF435}.Profile|x64.ActiveCfg = Profile|x64
		{DAB46D87-68BC-3FE0-BE8C-5AA3F2FCF435}.Profile|x64.Build.0 = Profile|x64
		{DAB46D87-68BC-3FE0-BE8C-5AA3F2FCF435}.Release|x64.ActiveCfg = Release|x64
		{DAB46D87-68BC-3FE0-BE8C-5AA3F2FCF435}.Release|x64.Build.0 = Release|x64
	EndGlobalSection
	GlobalSection(ExtensibilityGlobals) = postSolution
		SolutionGuid = {5105F55E-2A47-3CF9-A13C-381E46604E2D}
	EndGlobalSection
	GlobalSection(ExtensibilityAddIns) = postSolution
	EndGlobalSection
EndGlobal
